
Microsoft Visual Studio Solution File, Format Version 12.00
# Visual Studio Version 17
VisualStudioVersion = 17.13.35828.75 d17.13
MinimumVisualStudioVersion = 10.0.40219.1
Project("{FAE04EC0-301F-11D3-BF4B-00C04F79EFBC}") = "EAPV1", "EAPV1\EAPV1.csproj", "{D196E4C2-0D9B-450F-B397-BB414754E90C}"
EndProject
Global
	GlobalSection(SolutionConfigurationPlatforms) = preSolution
		Debug|Any CPU = Debug|Any CPU
		Release|Any CPU = Release|Any CPU
	EndGlobalSection
	GlobalSection(ProjectConfigurationPlatforms) = postSolution
		{D196E4C2-0D9B-450F-B397-BB414754E90C}.Debug|Any CPU.ActiveCfg = Debug|Any CPU
		{D196E4C2-0D9B-450F-B397-BB414754E90C}.Debug|Any CPU.Build.0 = Debug|Any CPU
		{D196E4C2-0D9B-450F-B397-BB414754E90C}.Release|Any CPU.ActiveCfg = Release|Any CPU
		{D196E4C2-0D9B-450F-B397-BB414754E90C}.Release|Any CPU.Build.0 = Release|Any CPU
	EndGlobalSection
	GlobalSection(SolutionProperties) = preSolution
		HideSolutionNode = FALSE
	EndGlobalSection
	GlobalSection(ExtensibilityGlobals) = postSolution
		SolutionGuid = {C95B5DCF-C53C-403C-AC6C-9F5DF84CC8A4}
	EndGlobalSection
EndGlobal
