
Microsoft Visual Studio Solution File, Format Version 12.00
# Visual Studio Version 17
VisualStudioVersion = 17.13.35931.197 d17.13
MinimumVisualStudioVersion = 10.0.40219.1
Project("{FAE04EC0-301F-11D3-BF4B-00C04F79EFBC}") = "LeaveForm", "LeaveForm\LeaveForm.csproj", "{C64B052A-45A2-48C3-9ECB-DC6DE7D9E692}"
EndProject
Project("{FAE04EC0-301F-11D3-BF4B-00C04F79EFBC}") = "WpfControlLibrary1", "WpfControlLibrary1\WpfControlLibrary1.csproj", "{C34D55CD-8183-471E-941D-8825391D063C}"
EndProject
Global
	GlobalSection(SolutionConfigurationPlatforms) = preSolution
		Debug|Any CPU = Debug|Any CPU
		Release|Any CPU = Release|Any CPU
	EndGlobalSection
	GlobalSection(ProjectConfigurationPlatforms) = postSolution
		{C64B052A-45A2-48C3-9ECB-DC6DE7D9E692}.Debug|Any CPU.ActiveCfg = Debug|Any CPU
		{C64B052A-45A2-48C3-9ECB-DC6DE7D9E692}.Debug|Any CPU.Build.0 = Debug|Any CPU
		{C64B052A-45A2-48C3-9ECB-DC6DE7D9E692}.Release|Any CPU.ActiveCfg = Release|Any CPU
		{C64B052A-45A2-48C3-9ECB-DC6DE7D9E692}.Release|Any CPU.Build.0 = Release|Any CPU
		{C34D55CD-8183-471E-941D-8825391D063C}.Debug|Any CPU.ActiveCfg = Debug|Any CPU
		{C34D55CD-8183-471E-941D-8825391D063C}.Debug|Any CPU.Build.0 = Debug|Any CPU
		{C34D55CD-8183-471E-941D-8825391D063C}.Release|Any CPU.ActiveCfg = Release|Any CPU
		{C34D55CD-8183-471E-941D-8825391D063C}.Release|Any CPU.Build.0 = Release|Any CPU
	EndGlobalSection
	GlobalSection(SolutionProperties) = preSolution
		HideSolutionNode = FALSE
	EndGlobalSection
	GlobalSection(ExtensibilityGlobals) = postSolution
		SolutionGuid = {164CFBAF-0A8A-4AF4-83A6-C2D37F95BE3E}
	EndGlobalSection
EndGlobal
